// !$*UTF8*$!
{
	archiveVersion = 1;
	classes = {
	};
	objectVersion = 46;
	objects = {

/* Begin PBXBuildFile section */
		40907E2A1CA8C0C500CAB5AC /* AppDelegate.swift in Sources */ = {isa = PBXBuildFile; fileRef = 40907E291CA8C0C500CAB5AC /* AppDelegate.swift */; };
		40907E2C1CA8C0C500CAB5AC /* ViewController.swift in Sources */ = {isa = PBXBuildFile; fileRef = 40907E2B1CA8C0C500CAB5AC /* ViewController.swift */; };
		40907E2F1CA8C0C500CAB5AC /* Main.storyboard in Resources */ = {isa = PBXBuildFile; fileRef = 40907E2D1CA8C0C500CAB5AC /* Main.storyboard */; };
		40907E311CA8C0C500CAB5AC /* Assets.xcassets in Resources */ = {isa = PBXBuildFile; fileRef = 40907E301CA8C0C500CAB5AC /* Assets.xcassets */; };
		40907E341CA8C0C500CAB5AC /* LaunchScreen.storyboard in Resources */ = {isa = PBXBuildFile; fileRef = 40907E321CA8C0C500CAB5AC /* LaunchScreen.storyboard */; };
		40907E3C1CA8EAA200CAB5AC /* BullsEyeGame.swift in Sources */ = {isa = PBXBuildFile; fileRef = 40907E3B1CA8EAA200CAB5AC /* BullsEyeGame.swift */; };
		40AC12721DFFC53C009A4F95 /* BullsEyeTests.swift in Sources */ = {isa = PBXBuildFile; fileRef = 40AC12711DFFC53C009A4F95 /* BullsEyeTests.swift */; };
		40AC129E1DFFD2C0009A4F95 /* BullsEyeMockTests.swift in Sources */ = {isa = PBXBuildFile; fileRef = 40AC129D1DFFD2C0009A4F95 /* BullsEyeMockTests.swift */; };
		40AC12AC1DFFD3E2009A4F95 /* BullsEyeUITests.swift in Sources */ = {isa = PBXBuildFile; fileRef = 40AC12AB1DFFD3E2009A4F95 /* BullsEyeUITests.swift */; };
/* End PBXBuildFile section */

/* Begin PBXContainerItemProxy section */
		40AC12741DFFC53C009A4F95 /* PBXContainerItemProxy */ = {
			isa = PBXContainerItemProxy;
			containerPortal = 40907E1E1CA8C0C500CAB5AC /* Project object */;
			proxyType = 1;
			remoteGlobalIDString = 40907E251CA8C0C500CAB5AC;
			remoteInfo = BullsEye;
		};
		40AC12A01DFFD2C0009A4F95 /* PBXContainerItemProxy */ = {
			isa = PBXContainerItemProxy;
			containerPortal = 40907E1E1CA8C0C500CAB5AC /* Project object */;
			proxyType = 1;
			remoteGlobalIDString = 40907E251CA8C0C500CAB5AC;
			remoteInfo = BullsEye;
		};
		40AC12AE1DFFD3E2009A4F95 /* PBXContainerItemProxy */ = {
			isa = PBXContainerItemProxy;
			containerPortal = 40907E1E1CA8C0C500CAB5AC /* Project object */;
			proxyType = 1;
			remoteGlobalIDString = 40907E251CA8C0C500CAB5AC;
			remoteInfo = BullsEye;
		};
/* End PBXContainerItemProxy section */

/* Begin PBXFileReference section */
		40907E261CA8C0C500CAB5AC /* BullsEye.app */ = {isa = PBXFileReference; explicitFileType = wrapper.application; includeInIndex = 0; path = BullsEye.app; sourceTree = BUILT_PRODUCTS_DIR; };
		40907E291CA8C0C500CAB5AC /* AppDelegate.swift */ = {isa = PBXFileReference; lastKnownFileType = sourcecode.swift; path = AppDelegate.swift; sourceTree = "<group>"; };
		40907E2B1CA8C0C500CAB5AC /* ViewController.swift */ = {isa = PBXFileReference; lastKnownFileType = sourcecode.swift; path = ViewController.swift; sourceTree = "<group>"; };
		40907E2E1CA8C0C500CAB5AC /* Base */ = {isa = PBXFileReference; lastKnownFileType = file.storyboard; name = Base; path = Base.lproj/Main.storyboard; sourceTree = "<group>"; };
		40907E301CA8C0C500CAB5AC /* Assets.xcassets */ = {isa = PBXFileReference; lastKnownFileType = folder.assetcatalog; path = Assets.xcassets; sourceTree = "<group>"; };
		40907E331CA8C0C500CAB5AC /* Base */ = {isa = PBXFileReference; lastKnownFileType = file.storyboard; name = Base; path = Base.lproj/LaunchScreen.storyboard; sourceTree = "<group>"; };
		40907E351CA8C0C500CAB5AC /* Info.plist */ = {isa = PBXFileReference; lastKnownFileType = text.plist.xml; path = Info.plist; sourceTree = "<group>"; };
		40907E3B1CA8EAA200CAB5AC /* BullsEyeGame.swift */ = {isa = PBXFileReference; fileEncoding = 4; lastKnownFileType = sourcecode.swift; path = BullsEyeGame.swift; sourceTree = "<group>"; };
		40AC126F1DFFC53C009A4F95 /* BullsEyeTests.xctest */ = {isa = PBXFileReference; explicitFileType = wrapper.cfbundle; includeInIndex = 0; path = BullsEyeTests.xctest; sourceTree = BUILT_PRODUCTS_DIR; };
		40AC12711DFFC53C009A4F95 /* BullsEyeTests.swift */ = {isa = PBXFileReference; lastKnownFileType = sourcecode.swift; path = BullsEyeTests.swift; sourceTree = "<group>"; };
		40AC12731DFFC53C009A4F95 /* Info.plist */ = {isa = PBXFileReference; lastKnownFileType = text.plist.xml; path = Info.plist; sourceTree = "<group>"; };
		40AC129B1DFFD2C0009A4F95 /* BullsEyeMockTests.xctest */ = {isa = PBXFileReference; explicitFileType = wrapper.cfbundle; includeInIndex = 0; path = BullsEyeMockTests.xctest; sourceTree = BUILT_PRODUCTS_DIR; };
		40AC129D1DFFD2C0009A4F95 /* BullsEyeMockTests.swift */ = {isa = PBXFileReference; lastKnownFileType = sourcecode.swift; path = BullsEyeMockTests.swift; sourceTree = "<group>"; };
		40AC129F1DFFD2C0009A4F95 /* Info.plist */ = {isa = PBXFileReference; lastKnownFileType = text.plist.xml; path = Info.plist; sourceTree = "<group>"; };
		40AC12A91DFFD3E2009A4F95 /* BullsEyeUITests.xctest */ = {isa = PBXFileReference; explicitFileType = wrapper.cfbundle; includeInIndex = 0; path = BullsEyeUITests.xctest; sourceTree = BUILT_PRODUCTS_DIR; };
		40AC12AB1DFFD3E2009A4F95 /* BullsEyeUITests.swift */ = {isa = PBXFileReference; lastKnownFileType = sourcecode.swift; path = BullsEyeUITests.swift; sourceTree = "<group>"; };
		40AC12AD1DFFD3E2009A4F95 /* Info.plist */ = {isa = PBXFileReference; lastKnownFileType = text.plist.xml; path = Info.plist; sourceTree = "<group>"; };
/* End PBXFileReference section */

/* Begin PBXFrameworksBuildPhase section */
		40907E231CA8C0C500CAB5AC /* Frameworks */ = {
			isa = PBXFrameworksBuildPhase;
			buildActionMask = 2147483647;
			files = (
			);
			runOnlyForDeploymentPostprocessing = 0;
		};
		40AC126C1DFFC53C009A4F95 /* Frameworks */ = {
			isa = PBXFrameworksBuildPhase;
			buildActionMask = 2147483647;
			files = (
			);
			runOnlyForDeploymentPostprocessing = 0;
		};
		40AC12981DFFD2C0009A4F95 /* Frameworks */ = {
			isa = PBXFrameworksBuildPhase;
			buildActionMask = 2147483647;
			files = (
			);
			runOnlyForDeploymentPostprocessing = 0;
		};
		40AC12A61DFFD3E2009A4F95 /* Frameworks */ = {
			isa = PBXFrameworksBuildPhase;
			buildActionMask = 2147483647;
			files = (
			);
			runOnlyForDeploymentPostprocessing = 0;
		};
/* End PBXFrameworksBuildPhase section */

/* Begin PBXGroup section */
		40907E1D1CA8C0C500CAB5AC = {
			isa = PBXGroup;
			children = (
				40907E281CA8C0C500CAB5AC /* BullsEye */,
				40AC12701DFFC53C009A4F95 /* BullsEyeTests */,
				40AC129C1DFFD2C0009A4F95 /* BullsEyeMockTests */,
				40AC12AA1DFFD3E2009A4F95 /* BullsEyeUITests */,
				40907E271CA8C0C500CAB5AC /* Products */,
			);
			sourceTree = "<group>";
		};
		40907E271CA8C0C500CAB5AC /* Products */ = {
			isa = PBXGroup;
			children = (
				40907E261CA8C0C500CAB5AC /* BullsEye.app */,
				40AC126F1DFFC53C009A4F95 /* BullsEyeTests.xctest */,
				40AC129B1DFFD2C0009A4F95 /* BullsEyeMockTests.xctest */,
				40AC12A91DFFD3E2009A4F95 /* BullsEyeUITests.xctest */,
			);
			name = Products;
			sourceTree = "<group>";
		};
		40907E281CA8C0C500CAB5AC /* BullsEye */ = {
			isa = PBXGroup;
			children = (
				40907E291CA8C0C500CAB5AC /* AppDelegate.swift */,
				40907E3B1CA8EAA200CAB5AC /* BullsEyeGame.swift */,
				40907E2B1CA8C0C500CAB5AC /* ViewController.swift */,
				40907E2D1CA8C0C500CAB5AC /* Main.storyboard */,
				40907E301CA8C0C500CAB5AC /* Assets.xcassets */,
				40907E321CA8C0C500CAB5AC /* LaunchScreen.storyboard */,
				40907E351CA8C0C500CAB5AC /* Info.plist */,
			);
			path = BullsEye;
			sourceTree = "<group>";
		};
		40AC12701DFFC53C009A4F95 /* BullsEyeTests */ = {
			isa = PBXGroup;
			children = (
				40AC12711DFFC53C009A4F95 /* BullsEyeTests.swift */,
				40AC12731DFFC53C009A4F95 /* Info.plist */,
			);
			path = BullsEyeTests;
			sourceTree = "<group>";
		};
		40AC129C1DFFD2C0009A4F95 /* BullsEyeMockTests */ = {
			isa = PBXGroup;
			children = (
				40AC129D1DFFD2C0009A4F95 /* BullsEyeMockTests.swift */,
				40AC129F1DFFD2C0009A4F95 /* Info.plist */,
			);
			path = BullsEyeMockTests;
			sourceTree = "<group>";
		};
		40AC12AA1DFFD3E2009A4F95 /* BullsEyeUITests */ = {
			isa = PBXGroup;
			children = (
				40AC12AB1DFFD3E2009A4F95 /* BullsEyeUITests.swift */,
				40AC12AD1DFFD3E2009A4F95 /* Info.plist */,
			);
			path = BullsEyeUITests;
			sourceTree = "<group>";
		};
/* End PBXGroup section */

/* Begin PBXNativeTarget section */
		40907E251CA8C0C500CAB5AC /* BullsEye */ = {
			isa = PBXNativeTarget;
			buildConfigurationList = 40907E381CA8C0C500CAB5AC /* Build configuration list for PBXNativeTarget "BullsEye" */;
			buildPhases = (
				40907E221CA8C0C500CAB5AC /* Sources */,
				40907E231CA8C0C500CAB5AC /* Frameworks */,
				40907E241CA8C0C500CAB5AC /* Resources */,
			);
			buildRules = (
			);
			dependencies = (
			);
			name = BullsEye;
			productName = BullsEye;
			productReference = 40907E261CA8C0C500CAB5AC /* BullsEye.app */;
			productType = "com.apple.product-type.application";
		};
		40AC126E1DFFC53C009A4F95 /* BullsEyeTests */ = {
			isa = PBXNativeTarget;
			buildConfigurationList = 40AC12781DFFC53C009A4F95 /* Build configuration list for PBXNativeTarget "BullsEyeTests" */;
			buildPhases = (
				40AC126B1DFFC53C009A4F95 /* Sources */,
				40AC126C1DFFC53C009A4F95 /* Frameworks */,
				40AC126D1DFFC53C009A4F95 /* Resources */,
			);
			buildRules = (
			);
			dependencies = (
				40AC12751DFFC53C009A4F95 /* PBXTargetDependency */,
			);
			name = BullsEyeTests;
			productName = BullsEyeTests;
			productReference = 40AC126F1DFFC53C009A4F95 /* BullsEyeTests.xctest */;
			productType = "com.apple.product-type.bundle.unit-test";
		};
		40AC129A1DFFD2C0009A4F95 /* BullsEyeMockTests */ = {
			isa = PBXNativeTarget;
			buildConfigurationList = 40AC12A21DFFD2C0009A4F95 /* Build configuration list for PBXNativeTarget "BullsEyeMockTests" */;
			buildPhases = (
				40AC12971DFFD2C0009A4F95 /* Sources */,
				40AC12981DFFD2C0009A4F95 /* Frameworks */,
				40AC12991DFFD2C0009A4F95 /* Resources */,
			);
			buildRules = (
			);
			dependencies = (
				40AC12A11DFFD2C0009A4F95 /* PBXTargetDependency */,
			);
			name = BullsEyeMockTests;
			productName = BullsEyeMockTests;
			productReference = 40AC129B1DFFD2C0009A4F95 /* BullsEyeMockTests.xctest */;
			productType = "com.apple.product-type.bundle.unit-test";
		};
		40AC12A81DFFD3E2009A4F95 /* BullsEyeUITests */ = {
			isa = PBXNativeTarget;
			buildConfigurationList = 40AC12B01DFFD3E2009A4F95 /* Build configuration list for PBXNativeTarget "BullsEyeUITests" */;
			buildPhases = (
				40AC12A51DFFD3E2009A4F95 /* Sources */,
				40AC12A61DFFD3E2009A4F95 /* Frameworks */,
				40AC12A71DFFD3E2009A4F95 /* Resources */,
			);
			buildRules = (
			);
			dependencies = (
				40AC12AF1DFFD3E2009A4F95 /* PBXTargetDependency */,
			);
			name = BullsEyeUITests;
			productName = BullsEyeUITests;
			productReference = 40AC12A91DFFD3E2009A4F95 /* BullsEyeUITests.xctest */;
			productType = "com.apple.product-type.bundle.ui-testing";
		};
/* End PBXNativeTarget section */

/* Begin PBXProject section */
		40907E1E1CA8C0C500CAB5AC /* Project object */ = {
			isa = PBXProject;
			attributes = {
				LastSwiftUpdateCheck = 1000;
				LastUpgradeCheck = 0810;
				ORGANIZATIONNAME = "Ray Wenderlich";
				TargetAttributes = {
					40907E251CA8C0C500CAB5AC = {
						CreatedOnToolsVersion = 7.3;
						DevelopmentTeam = 72SA8V3WYL;
						LastSwiftMigration = 0810;
						ProvisioningStyle = Automatic;
					};
					40AC126E1DFFC53C009A4F95 = {
						CreatedOnToolsVersion = 8.1;
						DevelopmentTeam = 72SA8V3WYL;
						ProvisioningStyle = Automatic;
						TestTargetID = 40907E251CA8C0C500CAB5AC;
					};
					40AC129A1DFFD2C0009A4F95 = {
						CreatedOnToolsVersion = 8.1;
						DevelopmentTeam = 72SA8V3WYL;
						ProvisioningStyle = Automatic;
						TestTargetID = 40907E251CA8C0C500CAB5AC;
					};
					40AC12A81DFFD3E2009A4F95 = {
						CreatedOnToolsVersion = 8.1;
						DevelopmentTeam = 72SA8V3WYL;
						ProvisioningStyle = Automatic;
						TestTargetID = 40907E251CA8C0C500CAB5AC;
					};
				};
			};
			buildConfigurationList = 40907E211CA8C0C500CAB5AC /* Build configuration list for PBXProject "BullsEye" */;
			compatibilityVersion = "Xcode 3.2";
			developmentRegion = English;
			hasScannedForEncodings = 0;
			knownRegions = (
				English,
				en,
				Base,
			);
			mainGroup = 40907E1D1CA8C0C500CAB5AC;
			productRefGroup = 40907E271CA8C0C500CAB5AC /* Products */;
			projectDirPath = "";
			projectRoot = "";
			targets = (
				40907E251CA8C0C500CAB5AC /* BullsEye */,
				40AC126E1DFFC53C009A4F95 /* BullsEyeTests */,
				40AC129A1DFFD2C0009A4F95 /* BullsEyeMockTests */,
				40AC12A81DFFD3E2009A4F95 /* BullsEyeUITests */,
			);
		};
/* End PBXProject section */

/* Begin PBXResourcesBuildPhase section */
		40907E241CA8C0C500CAB5AC /* Resources */ = {
			isa = PBXResourcesBuildPhase;
			buildActionMask = 2147483647;
			files = (
				40907E341CA8C0C500CAB5AC /* LaunchScreen.storyboard in Resources */,
				40907E311CA8C0C500CAB5AC /* Assets.xcassets in Resources */,
				40907E2F1CA8C0C500CAB5AC /* Main.storyboard in Resources */,
			);
			runOnlyForDeploymentPostprocessing = 0;
		};
		40AC126D1DFFC53C009A4F95 /* Resources */ = {
			isa = PBXResourcesBuildPhase;
			buildActionMask = 2147483647;
			files = (
			);
			runOnlyForDeploymentPostprocessing = 0;
		};
		40AC12991DFFD2C0009A4F95 /* Resources */ = {
			isa = PBXResourcesBuildPhase;
			buildActionMask = 2147483647;
			files = (
			);
			runOnlyForDeploymentPostprocessing = 0;
		};
		40AC12A71DFFD3E2009A4F95 /* Resources */ = {
			isa = PBXResourcesBuildPhase;
			buildActionMask = 2147483647;
			files = (
			);
			runOnlyForDeploymentPostprocessing = 0;
		};
/* End PBXResourcesBuildPhase section */

/* Begin PBXSourcesBuildPhase section */
		40907E221CA8C0C500CAB5AC /* Sources */ = {
			isa = PBXSourcesBuildPhase;
			buildActionMask = 2147483647;
			files = (
				40907E2C1CA8C0C500CAB5AC /* ViewController.swift in Sources */,
				40907E2A1CA8C0C500CAB5AC /* AppDelegate.swift in Sources */,
				40907E3C1CA8EAA200CAB5AC /* BullsEyeGame.swift in Sources */,
			);
			runOnlyForDeploymentPostprocessing = 0;
		};
		40AC126B1DFFC53C009A4F95 /* Sources */ = {
			isa = PBXSourcesBuildPhase;
			buildActionMask = 2147483647;
			files = (
				40AC12721DFFC53C009A4F95 /* BullsEyeTests.swift in Sources */,
			);
			runOnlyForDeploymentPostprocessing = 0;
		};
		40AC12971DFFD2C0009A4F95 /* Sources */ = {
			isa = PBXSourcesBuildPhase;
			buildActionMask = 2147483647;
			files = (
				40AC129E1DFFD2C0009A4F95 /* BullsEyeMockTests.swift in Sources */,
			);
			runOnlyForDeploymentPostprocessing = 0;
		};
		40AC12A51DFFD3E2009A4F95 /* Sources */ = {
			isa = PBXSourcesBuildPhase;
			buildActionMask = 2147483647;
			files = (
				40AC12AC1DFFD3E2009A4F95 /* BullsEyeUITests.swift in Sources */,
			);
			runOnlyForDeploymentPostprocessing = 0;
		};
/* End PBXSourcesBuildPhase section */

/* Begin PBXTargetDependency section */
		40AC12751DFFC53C009A4F95 /* PBXTargetDependency */ = {
			isa = PBXTargetDependency;
			target = 40907E251CA8C0C500CAB5AC /* BullsEye */;
			targetProxy = 40AC12741DFFC53C009A4F95 /* PBXContainerItemProxy */;
		};
		40AC12A11DFFD2C0009A4F95 /* PBXTargetDependency */ = {
			isa = PBXTargetDependency;
			target = 40907E251CA8C0C500CAB5AC /* BullsEye */;
			targetProxy = 40AC12A01DFFD2C0009A4F95 /* PBXContainerItemProxy */;
		};
		40AC12AF1DFFD3E2009A4F95 /* PBXTargetDependency */ = {
			isa = PBXTargetDependency;
			target = 40907E251CA8C0C500CAB5AC /* BullsEye */;
			targetProxy = 40AC12AE1DFFD3E2009A4F95 /* PBXContainerItemProxy */;
		};
/* End PBXTargetDependency section */

/* Begin PBXVariantGroup section */
		40907E2D1CA8C0C500CAB5AC /* Main.storyboard */ = {
			isa = PBXVariantGroup;
			children = (
				40907E2E1CA8C0C500CAB5AC /* Base */,
			);
			name = Main.storyboard;
			sourceTree = "<group>";
		};
		40907E321CA8C0C500CAB5AC /* LaunchScreen.storyboard */ = {
			isa = PBXVariantGroup;
			children = (
				40907E331CA8C0C500CAB5AC /* Base */,
			);
			name = LaunchScreen.storyboard;
			sourceTree = "<group>";
		};
/* End PBXVariantGroup section */

/* Begin XCBuildConfiguration section */
		40907E361CA8C0C500CAB5AC /* Debug */ = {
			isa = XCBuildConfiguration;
			buildSettings = {
				ALWAYS_SEARCH_USER_PATHS = NO;
				CLANG_ANALYZER_NONNULL = YES;
				CLANG_CXX_LANGUAGE_STANDARD = "gnu++0x";
				CLANG_CXX_LIBRARY = "libc++";
				CLANG_ENABLE_MODULES = YES;
				CLANG_ENABLE_OBJC_ARC = YES;
				CLANG_WARN_BOOL_CONVERSION = YES;
				CLANG_WARN_CONSTANT_CONVERSION = YES;
				CLANG_WARN_DIRECT_OBJC_ISA_USAGE = YES_ERROR;
				CLANG_WARN_EMPTY_BODY = YES;
				CLANG_WARN_ENUM_CONVERSION = YES;
				CLANG_WARN_INFINITE_RECURSION = YES;
				CLANG_WARN_INT_CONVERSION = YES;
				CLANG_WARN_OBJC_ROOT_CLASS = YES_ERROR;
				CLANG_WARN_SUSPICIOUS_MOVE = YES;
				CLANG_WARN_UNREACHABLE_CODE = YES;
				CLANG_WARN__DUPLICATE_METHOD_MATCH = YES;
				"CODE_SIGN_IDENTITY[sdk=iphoneos*]" = "iPhone Developer";
				COPY_PHASE_STRIP = NO;
				DEBUG_INFORMATION_FORMAT = dwarf;
				ENABLE_STRICT_OBJC_MSGSEND = YES;
				ENABLE_TESTABILITY = YES;
				GCC_C_LANGUAGE_STANDARD = gnu99;
				GCC_DYNAMIC_NO_PIC = NO;
				GCC_NO_COMMON_BLOCKS = YES;
				GCC_OPTIMIZATION_LEVEL = 0;
				GCC_PREPROCESSOR_DEFINITIONS = (
					"DEBUG=1",
					"$(inherited)",
				);
				GCC_WARN_64_TO_32_BIT_CONVERSION = YES;
				GCC_WARN_ABOUT_RETURN_TYPE = YES_ERROR;
				GCC_WARN_UNDECLARED_SELECTOR = YES;
				GCC_WARN_UNINITIALIZED_AUTOS = YES_AGGRESSIVE;
				GCC_WARN_UNUSED_FUNCTION = YES;
				GCC_WARN_UNUSED_VARIABLE = YES;
				IPHONEOS_DEPLOYMENT_TARGET = 10.1;
				MTL_ENABLE_DEBUG_INFO = YES;
				ONLY_ACTIVE_ARCH = YES;
				SDKROOT = iphoneos;
				SWIFT_OPTIMIZATION_LEVEL = "-Onone";
				SWIFT_VERSION = 4.0;
			};
			name = Debug;
		};
		40907E371CA8C0C500CAB5AC /* Release */ = {
			isa = XCBuildConfiguration;
			buildSettings = {
				ALWAYS_SEARCH_USER_PATHS = NO;
				CLANG_ANALYZER_NONNULL = YES;
				CLANG_CXX_LANGUAGE_STANDARD = "gnu++0x";
				CLANG_CXX_LIBRARY = "libc++";
				CLANG_ENABLE_MODULES = YES;
				CLANG_ENABLE_OBJC_ARC = YES;
				CLANG_WARN_BOOL_CONVERSION = YES;
				CLANG_WARN_CONSTANT_CONVERSION = YES;
				CLANG_WARN_DIRECT_OBJC_ISA_USAGE = YES_ERROR;
				CLANG_WARN_EMPTY_BODY = YES;
				CLANG_WARN_ENUM_CONVERSION = YES;
				CLANG_WARN_INFINITE_RECURSION = YES;
				CLANG_WARN_INT_CONVERSION = YES;
				CLANG_WARN_OBJC_ROOT_CLASS = YES_ERROR;
				CLANG_WARN_SUSPICIOUS_MOVE = YES;
				CLANG_WARN_UNREACHABLE_CODE = YES;
				CLANG_WARN__DUPLICATE_METHOD_MATCH = YES;
				"CODE_SIGN_IDENTITY[sdk=iphoneos*]" = "iPhone Developer";
				COPY_PHASE_STRIP = NO;
				DEBUG_INFORMATION_FORMAT = "dwarf-with-dsym";
				ENABLE_NS_ASSERTIONS = NO;
				ENABLE_STRICT_OBJC_MSGSEND = YES;
				GCC_C_LANGUAGE_STANDARD = gnu99;
				GCC_NO_COMMON_BLOCKS = YES;
				GCC_WARN_64_TO_32_BIT_CONVERSION = YES;
				GCC_WARN_ABOUT_RETURN_TYPE = YES_ERROR;
				GCC_WARN_UNDECLARED_SELECTOR = YES;
				GCC_WARN_UNINITIALIZED_AUTOS = YES_AGGRESSIVE;
				GCC_WARN_UNUSED_FUNCTION = YES;
				GCC_WARN_UNUSED_VARIABLE = YES;
				IPHONEOS_DEPLOYMENT_TARGET = 10.1;
				MTL_ENABLE_DEBUG_INFO = NO;
				SDKROOT = iphoneos;
				SWIFT_OPTIMIZATION_LEVEL = "-Owholemodule";
				SWIFT_VERSION = 4.0;
				VALIDATE_PRODUCT = YES;
			};
			name = Release;
		};
		40907E391CA8C0C500CAB5AC /* Debug */ = {
			isa = XCBuildConfiguration;
			buildSettings = {
				ASSETCATALOG_COMPILER_APPICON_NAME = AppIcon;
				CODE_SIGN_IDENTITY = "iPhone Developer";
				CODE_SIGN_STYLE = Automatic;
				DEVELOPMENT_TEAM = 72SA8V3WYL;
				INFOPLIST_FILE = BullsEye/Info.plist;
				LD_RUNPATH_SEARCH_PATHS = "$(inherited) @executable_path/Frameworks";
				PRODUCT_BUNDLE_IDENTIFIER = "com.bitfall.project-with--parallel-ui-test";
				PRODUCT_NAME = "$(TARGET_NAME)";
				PROVISIONING_PROFILE_SPECIFIER = "";
				SWIFT_VERSION = 4.0;
			};
			name = Debug;
		};
		40907E3A1CA8C0C500CAB5AC /* Release */ = {
			isa = XCBuildConfiguration;
			buildSettings = {
				ASSETCATALOG_COMPILER_APPICON_NAME = AppIcon;
				CODE_SIGN_IDENTITY = "iPhone Developer";
				CODE_SIGN_STYLE = Automatic;
				DEVELOPMENT_TEAM = 72SA8V3WYL;
				INFOPLIST_FILE = BullsEye/Info.plist;
				LD_RUNPATH_SEARCH_PATHS = "$(inherited) @executable_path/Frameworks";
				PRODUCT_BUNDLE_IDENTIFIER = "com.bitfall.project-with--parallel-ui-test";
				PRODUCT_NAME = "$(TARGET_NAME)";
				PROVISIONING_PROFILE_SPECIFIER = "";
				SWIFT_VERSION = 4.0;
			};
			name = Release;
		};
		40AC12761DFFC53C009A4F95 /* Debug */ = {
			isa = XCBuildConfiguration;
			buildSettings = {
				BUNDLE_LOADER = "$(TEST_HOST)";
				CLANG_WARN_DOCUMENTATION_COMMENTS = YES;
				CLANG_WARN_SUSPICIOUS_MOVES = YES;
				DEVELOPMENT_TEAM = 72SA8V3WYL;
				INFOPLIST_FILE = BullsEyeTests/Info.plist;
				LD_RUNPATH_SEARCH_PATHS = "$(inherited) @executable_path/Frameworks @loader_path/Frameworks";
				PRODUCT_BUNDLE_IDENTIFIER = com.razeware.BullsEyeTests;
				PRODUCT_NAME = "$(TARGET_NAME)";
				SWIFT_ACTIVE_COMPILATION_CONDITIONS = DEBUG;
				SWIFT_VERSION = 4.0;
				TEST_HOST = "$(BUILT_PRODUCTS_DIR)/BullsEye.app/BullsEye";
			};
			name = Debug;
		};
		40AC12771DFFC53C009A4F95 /* Release */ = {
			isa = XCBuildConfiguration;
			buildSettings = {
				BUNDLE_LOADER = "$(TEST_HOST)";
				CLANG_WARN_DOCUMENTATION_COMMENTS = YES;
				CLANG_WARN_SUSPICIOUS_MOVES = YES;
				DEVELOPMENT_TEAM = 72SA8V3WYL;
				INFOPLIST_FILE = BullsEyeTests/Info.plist;
				LD_RUNPATH_SEARCH_PATHS = "$(inherited) @executable_path/Frameworks @loader_path/Frameworks";
				PRODUCT_BUNDLE_IDENTIFIER = com.razeware.BullsEyeTests;
				PRODUCT_NAME = "$(TARGET_NAME)";
				SWIFT_VERSION = 4.0;
				TEST_HOST = "$(BUILT_PRODUCTS_DIR)/BullsEye.app/BullsEye";
			};
			name = Release;
		};
		40AC12A31DFFD2C0009A4F95 /* Debug */ = {
			isa = XCBuildConfiguration;
			buildSettings = {
				BUNDLE_LOADER = "$(TEST_HOST)";
				CLANG_WARN_DOCUMENTATION_COMMENTS = YES;
				CLANG_WARN_SUSPICIOUS_MOVES = YES;
				DEVELOPMENT_TEAM = 72SA8V3WYL;
				INFOPLIST_FILE = BullsEyeMockTests/Info.plist;
				LD_RUNPATH_SEARCH_PATHS = "$(inherited) @executable_path/Frameworks @loader_path/Frameworks";
				PRODUCT_BUNDLE_IDENTIFIER = com.razeware.BullsEyeMockTests;
				PRODUCT_NAME = "$(TARGET_NAME)";
				SWIFT_ACTIVE_COMPILATION_CONDITIONS = DEBUG;
				SWIFT_VERSION = 4.0;
				TEST_HOST = "$(BUILT_PRODUCTS_DIR)/BullsEye.app/BullsEye";
			};
			name = Debug;
		};
		40AC12A41DFFD2C0009A4F95 /* Release */ = {
			isa = XCBuildConfiguration;
			buildSettings = {
				BUNDLE_LOADER = "$(TEST_HOST)";
				CLANG_WARN_DOCUMENTATION_COMMENTS = YES;
				CLANG_WARN_SUSPICIOUS_MOVES = YES;
				DEVELOPMENT_TEAM = 72SA8V3WYL;
				INFOPLIST_FILE = BullsEyeMockTests/Info.plist;
				LD_RUNPATH_SEARCH_PATHS = "$(inherited) @executable_path/Frameworks @loader_path/Frameworks";
				PRODUCT_BUNDLE_IDENTIFIER = com.razeware.BullsEyeMockTests;
				PRODUCT_NAME = "$(TARGET_NAME)";
				SWIFT_VERSION = 4.0;
				TEST_HOST = "$(BUILT_PRODUCTS_DIR)/BullsEye.app/BullsEye";
			};
			name = Release;
		};
		40AC12B11DFFD3E2009A4F95 /* Debug */ = {
			isa = XCBuildConfiguration;
			buildSettings = {
				CLANG_WARN_DOCUMENTATION_COMMENTS = YES;
				CLANG_WARN_SUSPICIOUS_MOVES = YES;
				CODE_SIGN_IDENTITY = "iPhone Developer";
				CODE_SIGN_STYLE = Automatic;
				DEVELOPMENT_TEAM = 72SA8V3WYL;
				INFOPLIST_FILE = BullsEyeUITests/Info.plist;
				LD_RUNPATH_SEARCH_PATHS = "$(inherited) @executable_path/Frameworks @loader_path/Frameworks";
				PRODUCT_BUNDLE_IDENTIFIER = com.razeware.BullsEyeUITests;
				PRODUCT_NAME = "$(TARGET_NAME)";
				PROVISIONING_PROFILE_SPECIFIER = "";
				SWIFT_ACTIVE_COMPILATION_CONDITIONS = DEBUG;
				SWIFT_VERSION = 4.0;
				TEST_TARGET_NAME = BullsEye;
			};
			name = Debug;
		};
		40AC12B21DFFD3E2009A4F95 /* Release */ = {
			isa = XCBuildConfiguration;
			buildSettings = {
				CLANG_WARN_DOCUMENTATION_COMMENTS = YES;
				CLANG_WARN_SUSPICIOUS_MOVES = YES;
				CODE_SIGN_IDENTITY = "iPhone Developer";
				CODE_SIGN_STYLE = Automatic;
				DEVELOPMENT_TEAM = 72SA8V3WYL;
				INFOPLIST_FILE = BullsEyeUITests/Info.plist;
				LD_RUNPATH_SEARCH_PATHS = "$(inherited) @executable_path/Frameworks @loader_path/Frameworks";
				PRODUCT_BUNDLE_IDENTIFIER = com.razeware.BullsEyeUITests;
				PRODUCT_NAME = "$(TARGET_NAME)";
				PROVISIONING_PROFILE_SPECIFIER = "";
				SWIFT_VERSION = 4.0;
				TEST_TARGET_NAME = BullsEye;
			};
			name = Release;
		};
/* End XCBuildConfiguration section */

/* Begin XCConfigurationList section */
		40907E211CA8C0C500CAB5AC /* Build configuration list for PBXProject "BullsEye" */ = {
			isa = XCConfigurationList;
			buildConfigurations = (
				40907E361CA8C0C500CAB5AC /* Debug */,
				40907E371CA8C0C500CAB5AC /* Release */,
			);
			defaultConfigurationIsVisible = 0;
			defaultConfigurationName = Release;
		};
		40907E381CA8C0C500CAB5AC /* Build configuration list for PBXNativeTarget "BullsEye" */ = {
			isa = XCConfigurationList;
			buildConfigurations = (
				40907E391CA8C0C500CAB5AC /* Debug */,
				40907E3A1CA8C0C500CAB5AC /* Release */,
			);
			defaultConfigurationIsVisible = 0;
			defaultConfigurationName = Release;
		};
		40AC12781DFFC53C009A4F95 /* Build configuration list for PBXNativeTarget "BullsEyeTests" */ = {
			isa = XCConfigurationList;
			buildConfigurations = (
				40AC12761DFFC53C009A4F95 /* Debug */,
				40AC12771DFFC53C009A4F95 /* Release */,
			);
			defaultConfigurationIsVisible = 0;
			defaultConfigurationName = Release;
		};
		40AC12A21DFFD2C0009A4F95 /* Build configuration list for PBXNativeTarget "BullsEyeMockTests" */ = {
			isa = XCConfigurationList;
			buildConfigurations = (
				40AC12A31DFFD2C0009A4F95 /* Debug */,
				40AC12A41DFFD2C0009A4F95 /* Release */,
			);
			defaultConfigurationIsVisible = 0;
			defaultConfigurationName = Release;
		};
		40AC12B01DFFD3E2009A4F95 /* Build configuration list for PBXNativeTarget "BullsEyeUITests" */ = {
			isa = XCConfigurationList;
			buildConfigurations = (
				40AC12B11DFFD3E2009A4F95 /* Debug */,
				40AC12B21DFFD3E2009A4F95 /* Release */,
			);
			defaultConfigurationIsVisible = 0;
			defaultConfigurationName = Release;
		};
/* End XCConfigurationList section */
	};
	rootObject = 40907E1E1CA8C0C500CAB5AC /* Project object */;
}
